<?xml version="1.0" encoding="utf-8"?>
<Project ToolsVersion="4.0" xmlns="http://schemas.microsoft.com/developer/msbuild/2003">
  <ItemGroup>
    <Filter Include="Source Files">
      <UniqueIdentifier>{17fedbd5-e676-4a1c-a990-282f74ec3f6e}</UniqueIdentifier>
      <Extensions>cpp;c;cxx;def;odl;idl;hpj;bat;asm</Extensions>
    </Filter>
    <Filter Include="Header Files">
      <UniqueIdentifier>{ab2cabf3-8a60-4e40-8dfe-bc0dd25805c1}</UniqueIdentifier>
      <Extensions>h;hpp;hxx;hm;inl;inc</Extensions>
    </Filter>
    <Filter Include="Resource Files">
      <UniqueIdentifier>{15f2c2a4-f061-47c0-943e-4c9bce1188cd}</UniqueIdentifier>
      <Extensions>rc;ico;cur;bmp;dlg;rc2;rct;bin;rgs;gif;jpg;jpeg;jpe</Extensions>
    </Filter>
  </ItemGroup>
  <ItemGroup>
    <ClCompile Include="RegWorkerFunc.cpp">
      <Filter>Source Files</Filter>
    </ClCompile>
    <ClCompile Include="stdafx.cpp">
      <Filter>Source Files</Filter>
    </ClCompile>
    <ClCompile Include="VPGame.cpp">
      <Filter>Source Files</Filter>
    </ClCompile>
    <ClCompile Include="VPGameDetector.cpp">
      <Filter>Source Files</Filter>
    </ClCompile>
    <ClCompile Include="VPGameEventSink.cpp">
      <Filter>Source Files</Filter>
    </ClCompile>
    <ClCompile Include="VPGEventSink.cpp">
      <Filter>Source Files</Filter>
    </ClCompile>
  </ItemGroup>
  <ItemGroup>
    <None Include="VPGameEventSink.def">
      <Filter>Source Files</Filter>
    </None>
    <None Include="VPGame.rgs">
      <Filter>Resource Files</Filter>
    </None>
    <None Include="VPGameDetector.rgs">
      <Filter>Resource Files</Filter>
    </None>
    <None Include="VPGameEventSink.rgs">
      <Filter>Resource Files</Filter>
    </None>
    <None Include="ReadMe.txt" />
    <None Include="VPGameEventSink.tlb" />
  </ItemGroup>
  <ItemGroup>
    <Midl Include="VPGameEventSink.idl">
      <Filter>Source Files</Filter>
    </Midl>
  </ItemGroup>
  <ItemGroup>
    <ClInclude Include="RegWorkerFunc.h">
      <Filter>Header Files</Filter>
    </ClInclude>
    <ClInclude Include="resource.h">
      <Filter>Header Files</Filter>
    </ClInclude>
    <ClInclude Include="stdafx.h">
      <Filter>Header Files</Filter>
    </ClInclude>
    <ClInclude Include="VPGame.h">
      <Filter>Header Files</Filter>
    </ClInclude>
    <ClInclude Include="VPGameDetector.h">
      <Filter>Header Files</Filter>
    </ClInclude>
    <ClInclude Include="VPGEventSink.h">
      <Filter>Header Files</Filter>
    </ClInclude>
  </ItemGroup>
  <ItemGroup>
    <ResourceCompile Include="VPGameEventSink.rc">
      <Filter>Resource Files</Filter>
    </ResourceCompile>
  </ItemGroup>
</Project>